# This file is generated by running "yarn install" inside your project.
# Manual changes might be lost - proceed with caution!

__metadata:
  version: 4

"@workspaces/common@workspace:common":
  version: 0.0.0-use.local
  resolution: "@workspaces/common@workspace:common"
  languageName: unknown
  linkType: soft

"@workspaces/dashboard-client@workspace:dashboard/client":
  version: 0.0.0-use.local
  resolution: "@workspaces/dashboard-client@workspace:dashboard/client"
  dependencies:
    "@workspaces/common": "workspace:common"
    "@workspaces/dashboard-server": 1.0.0
  languageName: unknown
  linkType: soft

"@workspaces/dashboard-server@1.0.0, @workspaces/dashboard-server@workspace:dashboard/server":
  version: 0.0.0-use.local
  resolution: "@workspaces/dashboard-server@workspace:dashboard/server"
  languageName: unknown
  linkType: soft

"@workspaces/dashboard@workspace:dashboard":
  version: 0.0.0-use.local
  resolution: "@workspaces/dashboard@workspace:dashboard"
  languageName: unknown
  linkType: soft

"workspaces@workspace:.":
  version: 0.0.0-use.local
  resolution: "workspaces@workspace:."
  languageName: unknown
  linkType: soft
